{
  "name": "ecs-benchmark",
  "lockfileVersion": 2,
  "requires": true,
  "packages": {
    "": {
      "dependencies": {
        "@javelin/ecs": "0.22.0",
        "@lastolivegames/becsy": "0.8.4",
        "bitecs": "0.3.34",
        "ecsy": "0.4.2",
        "geotic": "4.1.6",
        "goodluck": "7.0.0",
        "harmony-ecs": "0.0.12",
        "miniplex": "^0.9.0",
        "perform-ecs": "0.7.8",
        "picoes": "1.0.0",
        "piecs": "0.4.0",
        "tiny-ecs": "2.0.0",
        "uecs": "0.4.2",
        "wolf-ecs": "2.1.2"
      },
      "devDependencies": {
        "@types/node": "^16.9.1",
        "prettier": "^2.5.1"
      }
    },
    "node_modules/@hmans/signal": {
      "version": "0.1.7",
      "resolved": "https://registry.npmjs.org/@hmans/signal/-/signal-0.1.7.tgz",
      "integrity": "sha512-YTmJcMIiSGRvDj474p5iBO/4K0XnCNT1ew9kgwgkNsXITNhmWDjuMGkHnGCo0ITgTx8xmiELqOZ9sDaBIAAROQ=="
    },
    "node_modules/@javelin/ecs": {
      "version": "0.22.0",
      "resolved": "https://registry.npmjs.org/@javelin/ecs/-/ecs-0.22.0.tgz",
      "integrity": "sha512-zFTu2LeNCBIKAx/kyL1mVRRuokumqVKwLUE5S1pj7anPOXfNa5NN8MY3PALeIMCZpqGsktTCNOEX+s2fDJcG5Q=="
    },
    "node_modules/@lastolivegames/becsy": {
      "version": "0.8.4",
      "resolved": "https://registry.npmjs.org/@lastolivegames/becsy/-/becsy-0.8.4.tgz",
      "integrity": "sha512-M4bx1SARd5x1sVrCAy1OLdACEFO0QCytG4d+IWy/WMetoongeh+jKlSIYytA4WXDATUN58QkhH5nli9VeVHiwg==",
      "engines": {
        "node": ">=12"
      }
    },
    "node_modules/@types/node": {
      "version": "16.9.1",
      "resolved": "https://registry.npmjs.org/@types/node/-/node-16.9.1.tgz",
      "integrity": "sha512-QpLcX9ZSsq3YYUUnD3nFDY8H7wctAhQj/TFKL8Ya8v5fMm3CFXxo8zStsLAl780ltoYoo1WvKUVGBQK+1ifr7g==",
      "dev": true
    },
    "node_modules/bitecs": {
      "version": "0.3.34",
      "resolved": "https://registry.npmjs.org/bitecs/-/bitecs-0.3.34.tgz",
      "integrity": "sha512-WFtNl+7rthxnrNcuQbvnGjOvXYRkOlyz0x/BWZ2a1nJC/k8z6zksDX1B+AH1KH9JqT11V8SzlECAmpcCM+Hkow=="
    },
    "node_modules/camelcase": {
      "version": "6.0.0",
      "resolved": "https://registry.npmjs.org/camelcase/-/camelcase-6.0.0.tgz",
      "integrity": "sha512-8KMDF1Vz2gzOq54ONPJS65IvTUaB1cHJ2DMM7MbPmLZljDH1qpzzLsWdiN9pHh6qvkRVDTi/07+eNGch/oLU4w==",
      "engines": {
        "node": ">=10"
      }
    },
    "node_modules/ecsy": {
      "version": "0.4.2",
      "resolved": "https://registry.npmjs.org/ecsy/-/ecsy-0.4.2.tgz",
      "integrity": "sha512-dVKOkuz1IsRvS7GlHcWghUtMZzXr70h6b+SQEHlKy2RgsCRNDzdYr6a43Q6HafuquA/67YFZCQt8zqadq/jlLA=="
    },
    "node_modules/geotic": {
      "version": "4.1.6",
      "resolved": "https://registry.npmjs.org/geotic/-/geotic-4.1.6.tgz",
      "integrity": "sha512-5dxwkMiN+vHHBe5pPqWtoxR0acx0OglgSl1rXtr+0TZRMUEcVv1JLJF7IIB1s93x7J+x9HjsrTSVeBy05+9G7g==",
      "dependencies": {
        "camelcase": "6.0.0",
        "nanoid": "3.1.3"
      }
    },
    "node_modules/goodluck": {
      "version": "7.0.0",
      "resolved": "https://registry.npmjs.org/goodluck/-/goodluck-7.0.0.tgz",
      "integrity": "sha512-ml0lMI5CGXkSHRg7Po3wpyNm0qMDshrquiXEVFdAYyehvh8qT5SsQuLvK+T6YjUMJE27d1EkqVhNBp1ufsZEZA==",
      "engines": {
        "node": ">=12.0.0"
      }
    },
    "node_modules/harmony-ecs": {
      "version": "0.0.12",
      "resolved": "https://registry.npmjs.org/harmony-ecs/-/harmony-ecs-0.0.12.tgz",
      "integrity": "sha512-he27c8UUVi3TeCGYxMMQ0q7L+Y5xWTiA7UZXvt2h/97pnRUle0aJtdToTKPKXmb3ulqfo8+otun+iqPxzH2CEg==",
      "engines": {
        "node": ">=14.18.1"
      }
    },
    "node_modules/miniplex": {
      "version": "0.9.0",
      "resolved": "https://registry.npmjs.org/miniplex/-/miniplex-0.9.0.tgz",
      "integrity": "sha512-mBmESBX2ZsuKo6DFxjw2OINRqEMKt1KtMr67Rb8QE0kFJbkuhbzkcjfdTqH2sDdOWvSs7vcmAsTfWOhdair/gQ==",
      "dependencies": {
        "@hmans/signal": "^0.1.7"
      }
    },
    "node_modules/nanoid": {
      "version": "3.1.3",
      "resolved": "https://registry.npmjs.org/nanoid/-/nanoid-3.1.3.tgz",
      "integrity": "sha512-Zw8rTOUfh6FlKgkEbHiB1buOF2zOPOQyGirABUWn+9Z7m9PpyoLVkh6Ksc53vBjndINQ2+9LfRPaHxb/u45EGg==",
      "bin": {
        "nanoid": "bin/nanoid.cjs"
      }
    },
    "node_modules/perform-ecs": {
      "version": "0.7.8",
      "resolved": "https://registry.npmjs.org/perform-ecs/-/perform-ecs-0.7.8.tgz",
      "integrity": "sha512-+4WYfCW6/ZVYQDF+78RJc7oWmK2dqtfsdDRfB/kyiHfbQfRIWldJqn2hpQt0ByDWQgtFQrMGGpED1S9wQj3WOw=="
    },
    "node_modules/picoes": {
      "version": "1.0.0",
      "resolved": "https://registry.npmjs.org/picoes/-/picoes-1.0.0.tgz",
      "integrity": "sha512-M930o/vy0zAF55nFjUa8e7ZrU/WTB7jJjQKk2jImMyUkZVHStseUAPXo7STKs+wnzWXGkmUYZjN3qQZXb0+TDg=="
    },
    "node_modules/piecs": {
      "version": "0.4.0",
      "resolved": "https://registry.npmjs.org/piecs/-/piecs-0.4.0.tgz",
      "integrity": "sha512-NiGuWHykjFCahsYzn7U3+Q0nk9wUr0wITRioTVCZkK6nk8P4Px/arWYviezyMDT5OaqNmLg4eL00Udj4txlhrQ=="
    },
    "node_modules/prettier": {
      "version": "2.5.1",
      "resolved": "https://registry.npmjs.org/prettier/-/prettier-2.5.1.tgz",
      "integrity": "sha512-vBZcPRUR5MZJwoyi3ZoyQlc1rXeEck8KgeC9AwwOn+exuxLxq5toTRDTSaVrXHxelDMHy9zlicw8u66yxoSUFg==",
      "dev": true,
      "bin": {
        "prettier": "bin-prettier.js"
      },
      "engines": {
        "node": ">=10.13.0"
      }
    },
    "node_modules/tiny-ecs": {
      "version": "2.0.0",
      "resolved": "https://registry.npmjs.org/tiny-ecs/-/tiny-ecs-2.0.0.tgz",
      "integrity": "sha1-lmuB+UqXXasI1GCmkdYl90wpVBw=",
      "dependencies": {
        "typedef": "~1.0.2"
      }
    },
    "node_modules/typedef": {
      "version": "1.0.4",
      "resolved": "https://registry.npmjs.org/typedef/-/typedef-1.0.4.tgz",
      "integrity": "sha1-+DOIgWkWBk2UYAjZrrKXyqq/ODs="
    },
    "node_modules/uecs": {
      "version": "0.4.2",
      "resolved": "https://registry.npmjs.org/uecs/-/uecs-0.4.2.tgz",
      "integrity": "sha512-oPwSibOqllZeBu6U2v/wkqIq/XSiwaf0bff1aJhuPEBOqRWuo8iH/RP+bzPPUDdwQ6vRljIkksy0plmEIfbc3w=="
    },
    "node_modules/wolf-ecs": {
      "version": "2.1.2",
      "resolved": "https://registry.npmjs.org/wolf-ecs/-/wolf-ecs-2.1.2.tgz",
      "integrity": "sha512-QZauvxSA29+hzbbn+6re0AbKP46hLvwjxGw9PlInBK9VJPACIEZivsJyeDX+zMkztYpKG0eDnKJwcbIPrfEEgw=="
    }
  },
  "dependencies": {
    "@hmans/signal": {
      "version": "0.1.7",
      "resolved": "https://registry.npmjs.org/@hmans/signal/-/signal-0.1.7.tgz",
      "integrity": "sha512-YTmJcMIiSGRvDj474p5iBO/4K0XnCNT1ew9kgwgkNsXITNhmWDjuMGkHnGCo0ITgTx8xmiELqOZ9sDaBIAAROQ=="
    },
    "@javelin/ecs": {
      "version": "0.22.0",
      "resolved": "https://registry.npmjs.org/@javelin/ecs/-/ecs-0.22.0.tgz",
      "integrity": "sha512-zFTu2LeNCBIKAx/kyL1mVRRuokumqVKwLUE5S1pj7anPOXfNa5NN8MY3PALeIMCZpqGsktTCNOEX+s2fDJcG5Q=="
    },
    "@lastolivegames/becsy": {
      "version": "0.8.4",
      "resolved": "https://registry.npmjs.org/@lastolivegames/becsy/-/becsy-0.8.4.tgz",
      "integrity": "sha512-M4bx1SARd5x1sVrCAy1OLdACEFO0QCytG4d+IWy/WMetoongeh+jKlSIYytA4WXDATUN58QkhH5nli9VeVHiwg=="
    },
    "@types/node": {
      "version": "16.9.1",
      "resolved": "https://registry.npmjs.org/@types/node/-/node-16.9.1.tgz",
      "integrity": "sha512-QpLcX9ZSsq3YYUUnD3nFDY8H7wctAhQj/TFKL8Ya8v5fMm3CFXxo8zStsLAl780ltoYoo1WvKUVGBQK+1ifr7g==",
      "dev": true
    },
    "bitecs": {
      "version": "0.3.34",
      "resolved": "https://registry.npmjs.org/bitecs/-/bitecs-0.3.34.tgz",
      "integrity": "sha512-WFtNl+7rthxnrNcuQbvnGjOvXYRkOlyz0x/BWZ2a1nJC/k8z6zksDX1B+AH1KH9JqT11V8SzlECAmpcCM+Hkow=="
    },
    "camelcase": {
      "version": "6.0.0",
      "resolved": "https://registry.npmjs.org/camelcase/-/camelcase-6.0.0.tgz",
      "integrity": "sha512-8KMDF1Vz2gzOq54ONPJS65IvTUaB1cHJ2DMM7MbPmLZljDH1qpzzLsWdiN9pHh6qvkRVDTi/07+eNGch/oLU4w=="
    },
    "ecsy": {
      "version": "0.4.2",
      "resolved": "https://registry.npmjs.org/ecsy/-/ecsy-0.4.2.tgz",
      "integrity": "sha512-dVKOkuz1IsRvS7GlHcWghUtMZzXr70h6b+SQEHlKy2RgsCRNDzdYr6a43Q6HafuquA/67YFZCQt8zqadq/jlLA=="
    },
    "geotic": {
      "version": "4.1.6",
      "resolved": "https://registry.npmjs.org/geotic/-/geotic-4.1.6.tgz",
      "integrity": "sha512-5dxwkMiN+vHHBe5pPqWtoxR0acx0OglgSl1rXtr+0TZRMUEcVv1JLJF7IIB1s93x7J+x9HjsrTSVeBy05+9G7g==",
      "requires": {
        "camelcase": "6.0.0",
        "nanoid": "3.1.3"
      }
    },
    "goodluck": {
      "version": "7.0.0",
      "resolved": "https://registry.npmjs.org/goodluck/-/goodluck-7.0.0.tgz",
      "integrity": "sha512-ml0lMI5CGXkSHRg7Po3wpyNm0qMDshrquiXEVFdAYyehvh8qT5SsQuLvK+T6YjUMJE27d1EkqVhNBp1ufsZEZA=="
    },
    "harmony-ecs": {
      "version": "0.0.12",
      "resolved": "https://registry.npmjs.org/harmony-ecs/-/harmony-ecs-0.0.12.tgz",
      "integrity": "sha512-he27c8UUVi3TeCGYxMMQ0q7L+Y5xWTiA7UZXvt2h/97pnRUle0aJtdToTKPKXmb3ulqfo8+otun+iqPxzH2CEg=="
    },
    "miniplex": {
      "version": "0.9.0",
      "resolved": "https://registry.npmjs.org/miniplex/-/miniplex-0.9.0.tgz",
      "integrity": "sha512-mBmESBX2ZsuKo6DFxjw2OINRqEMKt1KtMr67Rb8QE0kFJbkuhbzkcjfdTqH2sDdOWvSs7vcmAsTfWOhdair/gQ==",
      "requires": {
        "@hmans/signal": "^0.1.7"
      }
    },
    "nanoid": {
      "version": "3.1.3",
      "resolved": "https://registry.npmjs.org/nanoid/-/nanoid-3.1.3.tgz",
      "integrity": "sha512-Zw8rTOUfh6FlKgkEbHiB1buOF2zOPOQyGirABUWn+9Z7m9PpyoLVkh6Ksc53vBjndINQ2+9LfRPaHxb/u45EGg=="
    },
    "perform-ecs": {
      "version": "0.7.8",
      "resolved": "https://registry.npmjs.org/perform-ecs/-/perform-ecs-0.7.8.tgz",
      "integrity": "sha512-+4WYfCW6/ZVYQDF+78RJc7oWmK2dqtfsdDRfB/kyiHfbQfRIWldJqn2hpQt0ByDWQgtFQrMGGpED1S9wQj3WOw=="
    },
    "picoes": {
      "version": "1.0.0",
      "resolved": "https://registry.npmjs.org/picoes/-/picoes-1.0.0.tgz",
      "integrity": "sha512-M930o/vy0zAF55nFjUa8e7ZrU/WTB7jJjQKk2jImMyUkZVHStseUAPXo7STKs+wnzWXGkmUYZjN3qQZXb0+TDg=="
    },
    "piecs": {
      "version": "0.4.0",
      "resolved": "https://registry.npmjs.org/piecs/-/piecs-0.4.0.tgz",
      "integrity": "sha512-NiGuWHykjFCahsYzn7U3+Q0nk9wUr0wITRioTVCZkK6nk8P4Px/arWYviezyMDT5OaqNmLg4eL00Udj4txlhrQ=="
    },
    "prettier": {
      "version": "2.5.1",
      "resolved": "https://registry.npmjs.org/prettier/-/prettier-2.5.1.tgz",
      "integrity": "sha512-vBZcPRUR5MZJwoyi3ZoyQlc1rXeEck8KgeC9AwwOn+exuxLxq5toTRDTSaVrXHxelDMHy9zlicw8u66yxoSUFg==",
      "dev": true
    },
    "tiny-ecs": {
      "version": "2.0.0",
      "resolved": "https://registry.npmjs.org/tiny-ecs/-/tiny-ecs-2.0.0.tgz",
      "integrity": "sha1-lmuB+UqXXasI1GCmkdYl90wpVBw=",
      "requires": {
        "typedef": "~1.0.2"
      }
    },
    "typedef": {
      "version": "1.0.4",
      "resolved": "https://registry.npmjs.org/typedef/-/typedef-1.0.4.tgz",
      "integrity": "sha1-+DOIgWkWBk2UYAjZrrKXyqq/ODs="
    },
    "uecs": {
      "version": "0.4.2",
      "resolved": "https://registry.npmjs.org/uecs/-/uecs-0.4.2.tgz",
      "integrity": "sha512-oPwSibOqllZeBu6U2v/wkqIq/XSiwaf0bff1aJhuPEBOqRWuo8iH/RP+bzPPUDdwQ6vRljIkksy0plmEIfbc3w=="
    },
    "wolf-ecs": {
      "version": "2.1.2",
      "resolved": "https://registry.npmjs.org/wolf-ecs/-/wolf-ecs-2.1.2.tgz",
      "integrity": "sha512-QZauvxSA29+hzbbn+6re0AbKP46hLvwjxGw9PlInBK9VJPACIEZivsJyeDX+zMkztYpKG0eDnKJwcbIPrfEEgw=="
    }
  }
}
