# THIS IS AN AUTOGENERATED FILE. DO NOT EDIT THIS FILE DIRECTLY.
# yarn lockfile v1


"@types/node@^14.14.28":
  version "14.14.28"
  resolved "https://registry.yarnpkg.com/@types/node/-/node-14.14.28.tgz#cade4b64f8438f588951a6b35843ce536853f25b"
  integrity sha512-lg55ArB+ZiHHbBBttLpzD07akz0QPrZgUODNakeC09i62dnrywr9mFErHuaPlB6I7z+sEbK+IYmplahvplCj2g==

bitecs@^0.2.0:
  version "0.2.0"
  resolved "https://registry.yarnpkg.com/bitecs/-/bitecs-0.2.0.tgz#07abc7d2ac4df2ba668805ac1622281efdcc43c1"
  integrity sha512-IjvlCT3GX4ZhjzRdV/kstZqcSliFZdep8Y2y/M+V/MLKwQyhUskX01c0ySRPavGYNI2l5uQvOMCvG0WameVU+A==

camelcase@6.0.0:
  version "6.0.0"
  resolved "https://registry.yarnpkg.com/camelcase/-/camelcase-6.0.0.tgz#5259f7c30e35e278f1bdc2a4d91230b37cad981e"
  integrity sha512-8KMDF1Vz2gzOq54ONPJS65IvTUaB1cHJ2DMM7MbPmLZljDH1qpzzLsWdiN9pHh6qvkRVDTi/07+eNGch/oLU4w==

ecsy@^0.4.2:
  version "0.4.2"
  resolved "https://registry.yarnpkg.com/ecsy/-/ecsy-0.4.2.tgz#5d0c78fb248c81f587dfc05c01cb39e8bb2233ab"
  integrity sha512-dVKOkuz1IsRvS7GlHcWghUtMZzXr70h6b+SQEHlKy2RgsCRNDzdYr6a43Q6HafuquA/67YFZCQt8zqadq/jlLA==

flock-ecs@^0.1.5:
  version "0.1.5"
  resolved "https://registry.yarnpkg.com/flock-ecs/-/flock-ecs-0.1.5.tgz#b808721fa0cfe5ee0e004bfd0c1d74e2e15292d4"
  integrity sha512-23Sx3tQ/IFjlTyoNPygVj1q7SDt2OVdJ4epdn/kH7GoKpjZI1Js4YNUS+4H5AhsdbGXbLNR/9GdlCClLrxtsMw==

geotic@^4.1.5:
  version "4.1.5"
  resolved "https://registry.yarnpkg.com/geotic/-/geotic-4.1.5.tgz#b7a0f36e95130d11ccb2ffd0d4959edd5526f81d"
  integrity sha512-VVAP+qlLBK14eWW5u5XTVlG7ld/nUIzoEn8/FC2fNGQr91zdnkC3OKXOJX78ODqu7x7H+hnkTfEBsf4RBw88Vw==
  dependencies:
    camelcase "6.0.0"
    nanoid "3.1.3"

goodluck@^5.2.0:
  version "5.2.0"
  resolved "https://registry.yarnpkg.com/goodluck/-/goodluck-5.2.0.tgz#8f06ca10318292af75fb2e0ffa7a332f640553d6"
  integrity sha512-DzPuYxSuVObwbpyjKMYbMRucfcn6pt8HQSLEU5zPEp7twN6C7LlhUdOBVQTd48WHCCBgSH+WJr8XO8Pxc2JCyQ==

makr@^2.1.1:
  version "2.1.1"
  resolved "https://registry.yarnpkg.com/makr/-/makr-2.1.1.tgz#49af7e13415140b78b9e21cb3a75739807d0decc"
  integrity sha1-Sa9+E0FRQLeLniHLOnVzmAfQ3sw=

nanoid@3.1.3:
  version "3.1.3"
  resolved "https://registry.yarnpkg.com/nanoid/-/nanoid-3.1.3.tgz#b2bcfcfda4b4d6838bc22a0c8dd3c0a17a204c20"
  integrity sha512-Zw8rTOUfh6FlKgkEbHiB1buOF2zOPOQyGirABUWn+9Z7m9PpyoLVkh6Ksc53vBjndINQ2+9LfRPaHxb/u45EGg==

perform-ecs@^0.7.8:
  version "0.7.8"
  resolved "https://registry.yarnpkg.com/perform-ecs/-/perform-ecs-0.7.8.tgz#230eadbedf799d29c3d05f62a59536cca0340eb6"
  integrity sha512-+4WYfCW6/ZVYQDF+78RJc7oWmK2dqtfsdDRfB/kyiHfbQfRIWldJqn2hpQt0ByDWQgtFQrMGGpED1S9wQj3WOw==

tiny-ecs@^2.0.0:
  version "2.0.0"
  resolved "https://registry.yarnpkg.com/tiny-ecs/-/tiny-ecs-2.0.0.tgz#966b81f94a975dab08d460a691d625f74c29541c"
  integrity sha1-lmuB+UqXXasI1GCmkdYl90wpVBw=
  dependencies:
    typedef "~1.0.2"

typedef@~1.0.2:
  version "1.0.4"
  resolved "https://registry.yarnpkg.com/typedef/-/typedef-1.0.4.tgz#f83388816916064d946008d9aeb297caaabf383b"
  integrity sha1-+DOIgWkWBk2UYAjZrrKXyqq/ODs=
