# THIS IS AN AUTOGENERATED FILE. DO NOT EDIT THIS FILE DIRECTLY.
# yarn lockfile v1


"@jakeklassen/ecs@^2.3.7":
  version "2.3.7"
  resolved "https://registry.yarnpkg.com/@jakeklassen/ecs/-/ecs-2.3.7.tgz#dcc0ef06cd11b6bb0d1f6c5f0e3f7d7054f2a7b2"
  integrity sha512-8kmSt450l5NTWPQOYD4m9Abwhgmb3WwMQF7kdlbl5hf5VzPsJAY6wIFSmGBrMrFWVGCf2G2MgS9NOMKJIBxIpQ==

benchmark@^2.1.4:
  version "2.1.4"
  resolved "https://registry.yarnpkg.com/benchmark/-/benchmark-2.1.4.tgz#09f3de31c916425d498cc2ee565a0ebf3c2a5629"
  integrity sha1-CfPeMckWQl1JjMLuVloOvzwqVik=
  dependencies:
    lodash "^4.17.4"
    platform "^1.3.3"

bitecs@^0.1.6:
  version "0.1.6"
  resolved "https://registry.yarnpkg.com/bitecs/-/bitecs-0.1.6.tgz#6eb27a7ffd2175ee97355085a5a8c5f07dc82ace"
  integrity sha512-2KNWemFxfKQ6jyv47eGnsAjl9sOyeYHCW6UtTp267lijDMvqPIziMmqouR8ycCNYsIzcjkTbCObuvBjB2WV9DQ==

camelcase@6.0.0:
  version "6.0.0"
  resolved "https://registry.yarnpkg.com/camelcase/-/camelcase-6.0.0.tgz#5259f7c30e35e278f1bdc2a4d91230b37cad981e"
  integrity sha512-8KMDF1Vz2gzOq54ONPJS65IvTUaB1cHJ2DMM7MbPmLZljDH1qpzzLsWdiN9pHh6qvkRVDTi/07+eNGch/oLU4w==

ecsy@^0.4.2:
  version "0.4.2"
  resolved "https://registry.yarnpkg.com/ecsy/-/ecsy-0.4.2.tgz#5d0c78fb248c81f587dfc05c01cb39e8bb2233ab"
  integrity sha512-dVKOkuz1IsRvS7GlHcWghUtMZzXr70h6b+SQEHlKy2RgsCRNDzdYr6a43Q6HafuquA/67YFZCQt8zqadq/jlLA==

ent-comp@^0.9.1:
  version "0.9.1"
  resolved "https://registry.yarnpkg.com/ent-comp/-/ent-comp-0.9.1.tgz#7d93b56236097e97ef4f6a4787f4cfe2978c5735"
  integrity sha512-Jai4J7ln0RIUhgiW74DZ5PHpZ67U0k1LS2Ssdifw6gBDlvesGhUHIn4X6HkoLRF/0fB0ydgKqHH80LJ0P1aXEw==

flock-ecs@^0.1.5:
  version "0.1.5"
  resolved "https://registry.yarnpkg.com/flock-ecs/-/flock-ecs-0.1.5.tgz#b808721fa0cfe5ee0e004bfd0c1d74e2e15292d4"
  integrity sha512-23Sx3tQ/IFjlTyoNPygVj1q7SDt2OVdJ4epdn/kH7GoKpjZI1Js4YNUS+4H5AhsdbGXbLNR/9GdlCClLrxtsMw==

geotic@^4.1.4:
  version "4.1.4"
  resolved "https://registry.yarnpkg.com/geotic/-/geotic-4.1.4.tgz#6c2cd8664fde4612ba2d8101b790451b217255b4"
  integrity sha512-HkAd/qyifGJekIBDcH0Ua2Ir5Ow/d0Cy1FIup4FQm4elwN5v/QVcHUGLjyQqaSIsoFPI0nyycU7jqyp72flD4g==
  dependencies:
    camelcase "6.0.0"
    nanoid "3.1.3"

goodluck@^5.2.0:
  version "5.2.0"
  resolved "https://registry.yarnpkg.com/goodluck/-/goodluck-5.2.0.tgz#8f06ca10318292af75fb2e0ffa7a332f640553d6"
  integrity sha512-DzPuYxSuVObwbpyjKMYbMRucfcn6pt8HQSLEU5zPEp7twN6C7LlhUdOBVQTd48WHCCBgSH+WJr8XO8Pxc2JCyQ==

kleur@^4.1.4:
  version "4.1.4"
  resolved "https://registry.yarnpkg.com/kleur/-/kleur-4.1.4.tgz#8c202987d7e577766d039a8cd461934c01cda04d"
  integrity sha512-8QADVssbrFjivHWQU7KkMgptGTl6WAcSdlbBPY4uNF+mWr6DGcKrvY2w4FQJoXch7+fKMjj0dRrL75vk3k23OA==

lodash@^4.17.4:
  version "4.17.20"
  resolved "https://registry.yarnpkg.com/lodash/-/lodash-4.17.20.tgz#b44a9b6297bcb698f1c51a3545a2b3b368d59c52"
  integrity sha512-PlhdFcillOINfeV7Ni6oF1TAEayyZBoZ8bcshTHqOYJYlrqzRK5hagpagky5o4HfCzzd1TRkXPMFq6cKk9rGmA==

makr@^2.1.1:
  version "2.1.1"
  resolved "https://registry.yarnpkg.com/makr/-/makr-2.1.1.tgz#49af7e13415140b78b9e21cb3a75739807d0decc"
  integrity sha1-Sa9+E0FRQLeLniHLOnVzmAfQ3sw=

nanoid@3.1.3:
  version "3.1.3"
  resolved "https://registry.yarnpkg.com/nanoid/-/nanoid-3.1.3.tgz#b2bcfcfda4b4d6838bc22a0c8dd3c0a17a204c20"
  integrity sha512-Zw8rTOUfh6FlKgkEbHiB1buOF2zOPOQyGirABUWn+9Z7m9PpyoLVkh6Ksc53vBjndINQ2+9LfRPaHxb/u45EGg==

perform-ecs@^0.7.8:
  version "0.7.8"
  resolved "https://registry.yarnpkg.com/perform-ecs/-/perform-ecs-0.7.8.tgz#230eadbedf799d29c3d05f62a59536cca0340eb6"
  integrity sha512-+4WYfCW6/ZVYQDF+78RJc7oWmK2dqtfsdDRfB/kyiHfbQfRIWldJqn2hpQt0ByDWQgtFQrMGGpED1S9wQj3WOw==

picoes@^0.5.3:
  version "0.5.3"
  resolved "https://registry.yarnpkg.com/picoes/-/picoes-0.5.3.tgz#7948d5da635a3ee536f497db0de0e01044f503ba"
  integrity sha512-75BfyxXitwbVnhUE56wTaPLkRxMNuuXDVUXQ5inIjAaWDI8ipLRbtKCBojJi1/v66wZ8XRWfKDAbJJlGnH8YBg==

platform@^1.3.3:
  version "1.3.6"
  resolved "https://registry.yarnpkg.com/platform/-/platform-1.3.6.tgz#48b4ce983164b209c2d45a107adb31f473a6e7a7"
  integrity sha512-fnWVljUchTro6RiCFvCXBbNhJc2NijN7oIQxbwsyL0buWJPG85v81ehlHI9fXrJsMNgTofEoWIQeClKpgxFLrg==

tiny-ecs@^2.0.0:
  version "2.0.0"
  resolved "https://registry.yarnpkg.com/tiny-ecs/-/tiny-ecs-2.0.0.tgz#966b81f94a975dab08d460a691d625f74c29541c"
  integrity sha1-lmuB+UqXXasI1GCmkdYl90wpVBw=
  dependencies:
    typedef "~1.0.2"

typedef@~1.0.2:
  version "1.0.4"
  resolved "https://registry.yarnpkg.com/typedef/-/typedef-1.0.4.tgz#f83388816916064d946008d9aeb297caaabf383b"
  integrity sha1-+DOIgWkWBk2UYAjZrrKXyqq/ODs=
