# THIS IS AN AUTOGENERATED FILE. DO NOT EDIT THIS FILE DIRECTLY.
# yarn lockfile v1


"@jakeklassen/ecs@^2.3.6":
  version "2.3.6"
  resolved "https://registry.yarnpkg.com/@jakeklassen/ecs/-/ecs-2.3.6.tgz#2f031c109b2665e7bb05a259aba442bb15229670"
  integrity sha512-eRwduNof9KGGqNhu/ITsaXsBMZ0H2WWOXDsWZZUIAOzkgDQPIi0rAg93ZcZ+Vrq89Xx4sRo47Pi04XW3QPJ+Aw==

"@types/color-name@^1.1.1":
  version "1.1.1"
  resolved "https://registry.yarnpkg.com/@types/color-name/-/color-name-1.1.1.tgz#1c1261bbeaa10a8055bbc5d8ab84b7b2afc846a0"
  integrity sha512-rr+OQyAjxze7GgWrSaJwydHStIhHq2lvY3BOC2Mj7KnzI7XK0Uw1TOOdI9lDoajEbSWLiYgoo4f1R51erQfhPQ==

ansi-styles@^4.1.0:
  version "4.2.1"
  resolved "https://registry.yarnpkg.com/ansi-styles/-/ansi-styles-4.2.1.tgz#90ae75c424d008d2624c5bf29ead3177ebfcf359"
  integrity sha512-9VGjrMsG1vePxcSweQsN20KY/c4zN0h9fLjqAbwbPfahM3t+NL+M9HC8xeXG2I8pX5NoamTGNuomEUFI7fcUjA==
  dependencies:
    "@types/color-name" "^1.1.1"
    color-convert "^2.0.1"

benchmark@^2.1.4:
  version "2.1.4"
  resolved "https://registry.yarnpkg.com/benchmark/-/benchmark-2.1.4.tgz#09f3de31c916425d498cc2ee565a0ebf3c2a5629"
  integrity sha1-CfPeMckWQl1JjMLuVloOvzwqVik=
  dependencies:
    lodash "^4.17.4"
    platform "^1.3.3"

bitset@^5.0.5:
  version "5.1.0"
  resolved "https://registry.yarnpkg.com/bitset/-/bitset-5.1.0.tgz#ac24502899c1c8a94deab9f572dce52388d7d96f"
  integrity sha512-aibTq2ZxIlyrivIOuySFRrwraRf9uVa+9xTnt8CpUidpfqM9mNDAHVAVrG09Y9dsIDwKYVVFq6vibia9K11Byw==

chalk@^3.0.0:
  version "3.0.0"
  resolved "https://registry.yarnpkg.com/chalk/-/chalk-3.0.0.tgz#3f73c2bf526591f574cc492c51e2456349f844e4"
  integrity sha512-4D3B6Wf41KOYRFdszmDqMCGq5VV/uMAB273JILmO+3jAlh8X4qDtdtgCR3fxtbLEMzSx22QdhnDcJvu2u1fVwg==
  dependencies:
    ansi-styles "^4.1.0"
    supports-color "^7.1.0"

color-convert@^2.0.1:
  version "2.0.1"
  resolved "https://registry.yarnpkg.com/color-convert/-/color-convert-2.0.1.tgz#72d3a68d598c9bdb3af2ad1e84f21d896abd4de3"
  integrity sha512-RRECPsj7iu/xb5oKYcsFHSppFNnsj/52OVTRKb4zP5onXwVF3zVmmToNcOfGC+CRDpfK/U584fMg38ZHCaElKQ==
  dependencies:
    color-name "~1.1.4"

color-name@~1.1.4:
  version "1.1.4"
  resolved "https://registry.yarnpkg.com/color-name/-/color-name-1.1.4.tgz#c2a09a87acbde69543de6f63fa3995c826c536a2"
  integrity sha512-dOy+3AuW3a2wNbZHIuMZpTcgjGuLU/uBL/ubcZF9OXbDo8ff4O8yVp5Bf0efS8uEoYo5q4Fx7dY9OgQGXgAsQA==

ent-comp@^0.9.1:
  version "0.9.1"
  resolved "https://registry.yarnpkg.com/ent-comp/-/ent-comp-0.9.1.tgz#7d93b56236097e97ef4f6a4787f4cfe2978c5735"
  integrity sha512-Jai4J7ln0RIUhgiW74DZ5PHpZ67U0k1LS2Ssdifw6gBDlvesGhUHIn4X6HkoLRF/0fB0ydgKqHH80LJ0P1aXEw==

eventemitter3@^4.0.0:
  version "4.0.0"
  resolved "https://registry.yarnpkg.com/eventemitter3/-/eventemitter3-4.0.0.tgz#d65176163887ee59f386d64c82610b696a4a74eb"
  integrity sha512-qerSRB0p+UDEssxTtm6EDKcE7W4OaoisfIMl4CngyEhjpYglocpNg6UEqCvemdGhosAsg4sO2dXJOdyBifPGCg==

flock-ecs@^0.1.5:
  version "0.1.5"
  resolved "https://registry.yarnpkg.com/flock-ecs/-/flock-ecs-0.1.5.tgz#b808721fa0cfe5ee0e004bfd0c1d74e2e15292d4"
  integrity sha512-23Sx3tQ/IFjlTyoNPygVj1q7SDt2OVdJ4epdn/kH7GoKpjZI1Js4YNUS+4H5AhsdbGXbLNR/9GdlCClLrxtsMw==

has-flag@^4.0.0:
  version "4.0.0"
  resolved "https://registry.yarnpkg.com/has-flag/-/has-flag-4.0.0.tgz#944771fd9c81c81265c4d6941860da06bb59479b"
  integrity sha512-EykJT/Q1KjTWctppgIAgfSO0tKVuZUjhgMr17kqTumMl6Afv3EISleU7qZUzoXDFTAHTDC4NOoG/ZxU3EvlMPQ==

lodash@^4.17.4:
  version "4.17.15"
  resolved "https://registry.yarnpkg.com/lodash/-/lodash-4.17.15.tgz#b447f6670a0455bbfeedd11392eff330ea097548"
  integrity sha512-8xOcRHvCjnocdS5cpwXQXVzmmh5e5+saE2QGoeQmbKmRS6J3VQppPOIt0MnmE+4xlZoumy0GPG0D0MVIQbNA1A==

makr@^2.1.1:
  version "2.1.1"
  resolved "https://registry.yarnpkg.com/makr/-/makr-2.1.1.tgz#49af7e13415140b78b9e21cb3a75739807d0decc"
  integrity sha1-Sa9+E0FRQLeLniHLOnVzmAfQ3sw=

modecs@^0.1.11:
  version "0.1.11"
  resolved "https://registry.yarnpkg.com/modecs/-/modecs-0.1.11.tgz#b5331f325da69ec17b3a6d5190b9e6d650ac6967"
  integrity sha512-50HVjEcqmRVspPeUucJAkzmhOB2CRNs7Whn5iEwPsMphVqYruCNddIjwpvAFLeueDwqkEXwy1lrv4AVCby7ZxQ==
  dependencies:
    bitset "^5.0.5"
    eventemitter3 "^4.0.0"

perform-ecs@^0.7.8:
  version "0.7.8"
  resolved "https://registry.yarnpkg.com/perform-ecs/-/perform-ecs-0.7.8.tgz#230eadbedf799d29c3d05f62a59536cca0340eb6"
  integrity sha512-+4WYfCW6/ZVYQDF+78RJc7oWmK2dqtfsdDRfB/kyiHfbQfRIWldJqn2hpQt0ByDWQgtFQrMGGpED1S9wQj3WOw==

picoes@^0.5.3:
  version "0.5.3"
  resolved "https://registry.yarnpkg.com/picoes/-/picoes-0.5.3.tgz#7948d5da635a3ee536f497db0de0e01044f503ba"
  integrity sha512-75BfyxXitwbVnhUE56wTaPLkRxMNuuXDVUXQ5inIjAaWDI8ipLRbtKCBojJi1/v66wZ8XRWfKDAbJJlGnH8YBg==

platform@^1.3.3:
  version "1.3.5"
  resolved "https://registry.yarnpkg.com/platform/-/platform-1.3.5.tgz#fb6958c696e07e2918d2eeda0f0bc9448d733444"
  integrity sha512-TuvHS8AOIZNAlE77WUDiR4rySV/VMptyMfcfeoMgs4P8apaZM3JrnbzBiixKUv+XR6i+BXrQh8WAnjaSPFO65Q==

supports-color@^7.1.0:
  version "7.1.0"
  resolved "https://registry.yarnpkg.com/supports-color/-/supports-color-7.1.0.tgz#68e32591df73e25ad1c4b49108a2ec507962bfd1"
  integrity sha512-oRSIpR8pxT1Wr2FquTNnGet79b3BWljqOuoW/h4oBhxJ/HUbX5nX6JSruTkvXDCFMwDPvsaTTbvMLKZWSy0R5g==
  dependencies:
    has-flag "^4.0.0"

tiny-ecs@^2.0.0:
  version "2.0.0"
  resolved "https://registry.yarnpkg.com/tiny-ecs/-/tiny-ecs-2.0.0.tgz#966b81f94a975dab08d460a691d625f74c29541c"
  integrity sha1-lmuB+UqXXasI1GCmkdYl90wpVBw=
  dependencies:
    typedef "~1.0.2"

typedef@~1.0.2:
  version "1.0.4"
  resolved "https://registry.yarnpkg.com/typedef/-/typedef-1.0.4.tgz#f83388816916064d946008d9aeb297caaabf383b"
  integrity sha1-+DOIgWkWBk2UYAjZrrKXyqq/ODs=
